<?xml version="1.0" encoding="UTF-8"?>
<!DOCTYPE plist PUBLIC "-//Apple//DTD PLIST 1.0//EN" "http://www.apple.com/DTDs/PropertyList-1.0.dtd">
<plist version="1.0">
<dict>
	<key>archiveVersion</key>
	<string>1</string>
	<key>classes</key>
	<dict/>
	<key>objectVersion</key>
	<string>46</string>
	<key>objects</key>
	<dict>
		<key>0414A677DA371B6978142CA2</key>
		<dict>
			<key>children</key>
			<array>
				<string>8B0EE6453F7E0F42AE56AEE7</string>
				<string>B11AB6B5686DDD7CC60CEAB7</string>
			</array>
			<key>isa</key>
			<string>PBXGroup</string>
			<key>name</key>
			<string>Pods</string>
			<key>sourceTree</key>
			<string>&lt;group&gt;</string>
		</dict>
		<key>07FBEC40D78E4D49A2D8C2E5</key>
		<dict>
			<key>buildActionMask</key>
			<string>2147483647</string>
			<key>files</key>
			<array/>
			<key>inputPaths</key>
			<array/>
			<key>isa</key>
			<string>PBXShellScriptBuildPhase</string>
			<key>name</key>
			<string>Copy Pods Resources</string>
			<key>outputPaths</key>
			<array/>
			<key>runOnlyForDeploymentPostprocessing</key>
			<string>0</string>
			<key>shellPath</key>
			<string>/bin/sh</string>
			<key>shellScript</key>
			<string>"${SRCROOT}/Pods/Target Support Files/Pods/Pods-resources.sh"
</string>
			<key>showEnvVarsInLog</key>
			<string>0</string>
		</dict>
		<key>36AA18E94F1E4F6E8FDDAB47</key>
		<dict>
			<key>buildActionMask</key>
			<string>2147483647</string>
			<key>files</key>
			<array/>
			<key>inputPaths</key>
			<array/>
			<key>isa</key>
			<string>PBXShellScriptBuildPhase</string>
			<key>name</key>
			<string>Check Pods Manifest.lock</string>
			<key>outputPaths</key>
			<array/>
			<key>runOnlyForDeploymentPostprocessing</key>
			<string>0</string>
			<key>shellPath</key>
			<string>/bin/sh</string>
			<key>shellScript</key>
			<string>diff "${PODS_ROOT}/../Podfile.lock" "${PODS_ROOT}/Manifest.lock" &gt; /dev/null
if [[ $? != 0 ]] ; then
    cat &lt;&lt; EOM
error: The sandbox is not in sync with the Podfile.lock. Run 'pod install' or update your CocoaPods installation.
EOM
    exit 1
fi
</string>
			<key>showEnvVarsInLog</key>
			<string>0</string>
		</dict>
		<key>42BE9306C051469DA9559016</key>
		<dict>
			<key>fileRef</key>
			<string>B20D85CE3AC647209454ADCD</string>
			<key>isa</key>
			<string>PBXBuildFile</string>
		</dict>
		<key>67CF9A67DAF8466BA9ECD118</key>
		<dict>
			<key>children</key>
			<array>
				<string>C754655A199FC84500B06B35</string>
				<string>C751BD17199FC73E00EC7FD6</string>
				<string>C751BD15199FC73400EC7FD6</string>
				<string>C751BD13199FC72900EC7FD6</string>
				<string>B20D85CE3AC647209454ADCD</string>
			</array>
			<key>isa</key>
			<string>PBXGroup</string>
			<key>name</key>
			<string>Frameworks</string>
			<key>sourceTree</key>
			<string>&lt;group&gt;</string>
		</dict>
		<key>8B0EE6453F7E0F42AE56AEE7</key>
		<dict>
			<key>includeInIndex</key>
			<string>1</string>
			<key>isa</key>
			<string>PBXFileReference</string>
			<key>lastKnownFileType</key>
			<string>text.xcconfig</string>
			<key>name</key>
			<string>Pods.debug.xcconfig</string>
			<key>path</key>
			<string>Pods/Target Support Files/Pods/Pods.debug.xcconfig</string>
			<key>sourceTree</key>
			<string>&lt;group&gt;</string>
		</dict>
		<key>B11AB6B5686DDD7CC60CEAB7</key>
		<dict>
			<key>includeInIndex</key>
			<string>1</string>
			<key>isa</key>
			<string>PBXFileReference</string>
			<key>lastKnownFileType</key>
			<string>text.xcconfig</string>
			<key>name</key>
			<string>Pods.release.xcconfig</string>
			<key>path</key>
			<string>Pods/Target Support Files/Pods/Pods.release.xcconfig</string>
			<key>sourceTree</key>
			<string>&lt;group&gt;</string>
		</dict>
		<key>B20D85CE3AC647209454ADCD</key>
		<dict>
			<key>explicitFileType</key>
			<string>archive.ar</string>
			<key>includeInIndex</key>
			<string>0</string>
			<key>isa</key>
			<string>PBXFileReference</string>
			<key>path</key>
			<string>libPods.a</string>
			<key>sourceTree</key>
			<string>BUILT_PRODUCTS_DIR</string>
		</dict>
		<key>C733770C19A0370F001896CA</key>
		<dict>
			<key>fileEncoding</key>
			<string>4</string>
			<key>isa</key>
			<string>PBXFileReference</string>
			<key>lastKnownFileType</key>
			<string>sourcecode.c.h</string>
			<key>name</key>
			<string>VBFDoubleSegment.h</string>
			<key>path</key>
			<string>VBFPopFlatButtonClasses/VBFDoubleSegment.h</string>
			<key>sourceTree</key>
			<string>&lt;group&gt;</string>
		</dict>
		<key>C733770D19A0370F001896CA</key>
		<dict>
			<key>fileEncoding</key>
			<string>4</string>
			<key>isa</key>
			<string>PBXFileReference</string>
			<key>lastKnownFileType</key>
			<string>sourcecode.c.objc</string>
			<key>name</key>
			<string>VBFDoubleSegment.m</string>
			<key>path</key>
			<string>VBFPopFlatButtonClasses/VBFDoubleSegment.m</string>
			<key>sourceTree</key>
			<string>&lt;group&gt;</string>
		</dict>
		<key>C733770E19A0370F001896CA</key>
		<dict>
			<key>fileEncoding</key>
			<string>4</string>
			<key>isa</key>
			<string>PBXFileReference</string>
			<key>lastKnownFileType</key>
			<string>sourcecode.c.h</string>
			<key>name</key>
			<string>VBFPopFlatButton.h</string>
			<key>path</key>
			<string>VBFPopFlatButtonClasses/VBFPopFlatButton.h</string>
			<key>sourceTree</key>
			<string>&lt;group&gt;</string>
		</dict>
		<key>C733770F19A0370F001896CA</key>
		<dict>
			<key>fileEncoding</key>
			<string>4</string>
			<key>isa</key>
			<string>PBXFileReference</string>
			<key>lastKnownFileType</key>
			<string>sourcecode.c.objc</string>
			<key>name</key>
			<string>VBFPopFlatButton.m</string>
			<key>path</key>
			<string>VBFPopFlatButtonClasses/VBFPopFlatButton.m</string>
			<key>sourceTree</key>
			<string>&lt;group&gt;</string>
		</dict>
		<key>C733771019A0370F001896CA</key>
		<dict>
			<key>fileRef</key>
			<string>C733770D19A0370F001896CA</string>
			<key>isa</key>
			<string>PBXBuildFile</string>
		</dict>
		<key>C733771119A0370F001896CA</key>
		<dict>
			<key>fileRef</key>
			<string>C733770F19A0370F001896CA</string>
			<key>isa</key>
			<string>PBXBuildFile</string>
		</dict>
		<key>C751BD10199FC68300EC7FD6</key>
		<dict>
			<key>children</key>
			<array>
				<string>C733770C19A0370F001896CA</string>
				<string>C733770D19A0370F001896CA</string>
				<string>C733770E19A0370F001896CA</string>
				<string>C733770F19A0370F001896CA</string>
			</array>
			<key>isa</key>
			<string>PBXGroup</string>
			<key>name</key>
			<string>VBFPopFlatButton</string>
			<key>sourceTree</key>
			<string>&lt;group&gt;</string>
		</dict>
		<key>C751BD13199FC72900EC7FD6</key>
		<dict>
			<key>isa</key>
			<string>PBXFileReference</string>
			<key>lastKnownFileType</key>
			<string>wrapper.framework</string>
			<key>name</key>
			<string>CoreGraphics.framework</string>
			<key>path</key>
			<string>System/Library/Frameworks/CoreGraphics.framework</string>
			<key>sourceTree</key>
			<string>SDKROOT</string>
		</dict>
		<key>C751BD14199FC72900EC7FD6</key>
		<dict>
			<key>fileRef</key>
			<string>C751BD13199FC72900EC7FD6</string>
			<key>isa</key>
			<string>PBXBuildFile</string>
		</dict>
		<key>C751BD15199FC73400EC7FD6</key>
		<dict>
			<key>isa</key>
			<string>PBXFileReference</string>
			<key>lastKnownFileType</key>
			<string>wrapper.framework</string>
			<key>name</key>
			<string>UIKit.framework</string>
			<key>path</key>
			<string>System/Library/Frameworks/UIKit.framework</string>
			<key>sourceTree</key>
			<string>SDKROOT</string>
		</dict>
		<key>C751BD16199FC73400EC7FD6</key>
		<dict>
			<key>fileRef</key>
			<string>C751BD15199FC73400EC7FD6</string>
			<key>isa</key>
			<string>PBXBuildFile</string>
		</dict>
		<key>C751BD17199FC73E00EC7FD6</key>
		<dict>
			<key>isa</key>
			<string>PBXFileReference</string>
			<key>lastKnownFileType</key>
			<string>wrapper.framework</string>
			<key>name</key>
			<string>Foundation.framework</string>
			<key>path</key>
			<string>System/Library/Frameworks/Foundation.framework</string>
			<key>sourceTree</key>
			<string>SDKROOT</string>
		</dict>
		<key>C751BD18199FC73E00EC7FD6</key>
		<dict>
			<key>fileRef</key>
			<string>C751BD17199FC73E00EC7FD6</string>
			<key>isa</key>
			<string>PBXBuildFile</string>
		</dict>
		<key>C754655A199FC84500B06B35</key>
		<dict>
			<key>isa</key>
			<string>PBXFileReference</string>
			<key>lastKnownFileType</key>
			<string>wrapper.framework</string>
			<key>name</key>
			<string>QuartzCore.framework</string>
			<key>path</key>
			<string>System/Library/Frameworks/QuartzCore.framework</string>
			<key>sourceTree</key>
			<string>SDKROOT</string>
		</dict>
		<key>C754655B199FC84500B06B35</key>
		<dict>
			<key>fileRef</key>
			<string>C754655A199FC84500B06B35</string>
			<key>isa</key>
			<string>PBXBuildFile</string>
		</dict>
		<key>C7C4923C199FC4A2004CAF5A</key>
		<dict>
			<key>children</key>
			<array>
				<string>C7C49247199FC4A2004CAF5A</string>
				<string>C7C4925E199FC4A2004CAF5A</string>
				<string>C7C49246199FC4A2004CAF5A</string>
				<string>67CF9A67DAF8466BA9ECD118</string>
				<string>0414A677DA371B6978142CA2</string>
			</array>
			<key>isa</key>
			<string>PBXGroup</string>
			<key>sourceTree</key>
			<string>&lt;group&gt;</string>
		</dict>
		<key>C7C4923D199FC4A2004CAF5A</key>
		<dict>
			<key>attributes</key>
			<dict>
				<key>LastUpgradeCheck</key>
				<string>0600</string>
				<key>ORGANIZATIONNAME</key>
				<string>Victor Baro</string>
				<key>TargetAttributes</key>
				<dict>
					<key>C7C49244199FC4A2004CAF5A</key>
					<dict>
						<key>CreatedOnToolsVersion</key>
						<string>6.0</string>
					</dict>
					<key>C7C4925A199FC4A2004CAF5A</key>
					<dict>
						<key>CreatedOnToolsVersion</key>
						<string>6.0</string>
						<key>TestTargetID</key>
						<string>C7C49244199FC4A2004CAF5A</string>
					</dict>
				</dict>
			</dict>
			<key>buildConfigurationList</key>
			<string>C7C49240199FC4A2004CAF5A</string>
			<key>compatibilityVersion</key>
			<string>Xcode 3.2</string>
			<key>developmentRegion</key>
			<string>English</string>
			<key>hasScannedForEncodings</key>
			<string>0</string>
			<key>isa</key>
			<string>PBXProject</string>
			<key>knownRegions</key>
			<array>
				<string>en</string>
				<string>Base</string>
			</array>
			<key>mainGroup</key>
			<string>C7C4923C199FC4A2004CAF5A</string>
			<key>productRefGroup</key>
			<string>C7C49246199FC4A2004CAF5A</string>
			<key>projectDirPath</key>
			<string></string>
			<key>projectReferences</key>
			<array/>
			<key>projectRoot</key>
			<string></string>
			<key>targets</key>
			<array>
				<string>C7C49244199FC4A2004CAF5A</string>
				<string>C7C4925A199FC4A2004CAF5A</string>
			</array>
		</dict>
		<key>C7C49240199FC4A2004CAF5A</key>
		<dict>
			<key>buildConfigurations</key>
			<array>
				<string>C7C49263199FC4A2004CAF5A</string>
				<string>C7C49264199FC4A2004CAF5A</string>
			</array>
			<key>defaultConfigurationIsVisible</key>
			<string>0</string>
			<key>defaultConfigurationName</key>
			<string>Release</string>
			<key>isa</key>
			<string>XCConfigurationList</string>
		</dict>
		<key>C7C49241199FC4A2004CAF5A</key>
		<dict>
			<key>buildActionMask</key>
			<string>2147483647</string>
			<key>files</key>
			<array>
				<string>C733771119A0370F001896CA</string>
				<string>C7C49251199FC4A2004CAF5A</string>
				<string>C733771019A0370F001896CA</string>
				<string>C7C4924E199FC4A2004CAF5A</string>
				<string>C7C4924B199FC4A2004CAF5A</string>
			</array>
			<key>isa</key>
			<string>PBXSourcesBuildPhase</string>
			<key>runOnlyForDeploymentPostprocessing</key>
			<string>0</string>
		</dict>
		<key>C7C49242199FC4A2004CAF5A</key>
		<dict>
			<key>buildActionMask</key>
			<string>2147483647</string>
			<key>files</key>
			<array>
				<string>C754655B199FC84500B06B35</string>
				<string>C751BD18199FC73E00EC7FD6</string>
				<string>C751BD16199FC73400EC7FD6</string>
				<string>C751BD14199FC72900EC7FD6</string>
				<string>42BE9306C051469DA9559016</string>
			</array>
			<key>isa</key>
			<string>PBXFrameworksBuildPhase</string>
			<key>runOnlyForDeploymentPostprocessing</key>
			<string>0</string>
		</dict>
		<key>C7C49243199FC4A2004CAF5A</key>
		<dict>
			<key>buildActionMask</key>
			<string>2147483647</string>
			<key>files</key>
			<array>
				<string>C7C49254199FC4A2004CAF5A</string>
				<string>C7C49256199FC4A2004CAF5A</string>
			</array>
			<key>isa</key>
			<string>PBXResourcesBuildPhase</string>
			<key>runOnlyForDeploymentPostprocessing</key>
			<string>0</string>
		</dict>
		<key>C7C49244199FC4A2004CAF5A</key>
		<dict>
			<key>buildConfigurationList</key>
			<string>C7C49265199FC4A2004CAF5A</string>
			<key>buildPhases</key>
			<array>
				<string>36AA18E94F1E4F6E8FDDAB47</string>
				<string>C7C49241199FC4A2004CAF5A</string>
				<string>C7C49242199FC4A2004CAF5A</string>
				<string>C7C49243199FC4A2004CAF5A</string>
				<string>07FBEC40D78E4D49A2D8C2E5</string>
			</array>
			<key>buildRules</key>
			<array/>
			<key>dependencies</key>
			<array/>
			<key>isa</key>
			<string>PBXNativeTarget</string>
			<key>name</key>
			<string>VBFPopFlatButton</string>
			<key>productName</key>
			<string>VBFPopFlatButton</string>
			<key>productReference</key>
			<string>C7C49245199FC4A2004CAF5A</string>
			<key>productType</key>
			<string>com.apple.product-type.application</string>
		</dict>
		<key>C7C49245199FC4A2004CAF5A</key>
		<dict>
			<key>explicitFileType</key>
			<string>wrapper.application</string>
			<key>includeInIndex</key>
			<string>0</string>
			<key>isa</key>
			<string>PBXFileReference</string>
			<key>path</key>
			<string>VBFPopFlatButton.app</string>
			<key>sourceTree</key>
			<string>BUILT_PRODUCTS_DIR</string>
		</dict>
		<key>C7C49246199FC4A2004CAF5A</key>
		<dict>
			<key>children</key>
			<array>
				<string>C7C49245199FC4A2004CAF5A</string>
				<string>C7C4925B199FC4A2004CAF5A</string>
			</array>
			<key>isa</key>
			<string>PBXGroup</string>
			<key>name</key>
			<string>Products</string>
			<key>sourceTree</key>
			<string>&lt;group&gt;</string>
		</dict>
		<key>C7C49247199FC4A2004CAF5A</key>
		<dict>
			<key>children</key>
			<array>
				<string>C7C4924C199FC4A2004CAF5A</string>
				<string>C7C4924D199FC4A2004CAF5A</string>
				<string>C7C4924F199FC4A2004CAF5A</string>
				<string>C7C49250199FC4A2004CAF5A</string>
				<string>C7C49252199FC4A2004CAF5A</string>
				<string>C751BD10199FC68300EC7FD6</string>
				<string>C7C49255199FC4A2004CAF5A</string>
				<string>C7C49248199FC4A2004CAF5A</string>
			</array>
			<key>isa</key>
			<string>PBXGroup</string>
			<key>path</key>
			<string>VBFPopFlatButton</string>
			<key>sourceTree</key>
			<string>&lt;group&gt;</string>
		</dict>
		<key>C7C49248199FC4A2004CAF5A</key>
		<dict>
			<key>children</key>
			<array>
				<string>C7C49249199FC4A2004CAF5A</string>
				<string>C7C4924A199FC4A2004CAF5A</string>
			</array>
			<key>isa</key>
			<string>PBXGroup</string>
			<key>name</key>
			<string>Supporting Files</string>
			<key>sourceTree</key>
			<string>&lt;group&gt;</string>
		</dict>
		<key>C7C49249199FC4A2004CAF5A</key>
		<dict>
			<key>isa</key>
			<string>PBXFileReference</string>
			<key>lastKnownFileType</key>
			<string>text.plist.xml</string>
			<key>path</key>
			<string>Info.plist</string>
			<key>sourceTree</key>
			<string>&lt;group&gt;</string>
		</dict>
		<key>C7C4924A199FC4A2004CAF5A</key>
		<dict>
			<key>isa</key>
			<string>PBXFileReference</string>
			<key>lastKnownFileType</key>
			<string>sourcecode.c.objc</string>
			<key>path</key>
			<string>main.m</string>
			<key>sourceTree</key>
			<string>&lt;group&gt;</string>
		</dict>
		<key>C7C4924B199FC4A2004CAF5A</key>
		<dict>
			<key>fileRef</key>
			<string>C7C4924A199FC4A2004CAF5A</string>
			<key>isa</key>
			<string>PBXBuildFile</string>
		</dict>
		<key>C7C4924C199FC4A2004CAF5A</key>
		<dict>
			<key>isa</key>
			<string>PBXFileReference</string>
			<key>lastKnownFileType</key>
			<string>sourcecode.c.h</string>
			<key>path</key>
			<string>AppDelegate.h</string>
			<key>sourceTree</key>
			<string>&lt;group&gt;</string>
		</dict>
		<key>C7C4924D199FC4A2004CAF5A</key>
		<dict>
			<key>isa</key>
			<string>PBXFileReference</string>
			<key>lastKnownFileType</key>
			<string>sourcecode.c.objc</string>
			<key>path</key>
			<string>AppDelegate.m</string>
			<key>sourceTree</key>
			<string>&lt;group&gt;</string>
		</dict>
		<key>C7C4924E199FC4A2004CAF5A</key>
		<dict>
			<key>fileRef</key>
			<string>C7C4924D199FC4A2004CAF5A</string>
			<key>isa</key>
			<string>PBXBuildFile</string>
		</dict>
		<key>C7C4924F199FC4A2004CAF5A</key>
		<dict>
			<key>isa</key>
			<string>PBXFileReference</string>
			<key>lastKnownFileType</key>
			<string>sourcecode.c.h</string>
			<key>path</key>
			<string>ViewController.h</string>
			<key>sourceTree</key>
			<string>&lt;group&gt;</string>
		</dict>
		<key>C7C49250199FC4A2004CAF5A</key>
		<dict>
			<key>isa</key>
			<string>PBXFileReference</string>
			<key>lastKnownFileType</key>
			<string>sourcecode.c.objc</string>
			<key>path</key>
			<string>ViewController.m</string>
			<key>sourceTree</key>
			<string>&lt;group&gt;</string>
		</dict>
		<key>C7C49251199FC4A2004CAF5A</key>
		<dict>
			<key>fileRef</key>
			<string>C7C49250199FC4A2004CAF5A</string>
			<key>isa</key>
			<string>PBXBuildFile</string>
		</dict>
		<key>C7C49252199FC4A2004CAF5A</key>
		<dict>
			<key>children</key>
			<array>
				<string>C7C49253199FC4A2004CAF5A</string>
			</array>
			<key>isa</key>
			<string>PBXVariantGroup</string>
			<key>name</key>
			<string>Main.storyboard</string>
			<key>sourceTree</key>
			<string>&lt;group&gt;</string>
		</dict>
		<key>C7C49253199FC4A2004CAF5A</key>
		<dict>
			<key>isa</key>
			<string>PBXFileReference</string>
			<key>lastKnownFileType</key>
			<string>file.storyboard</string>
			<key>name</key>
			<string>Base</string>
			<key>path</key>
			<string>Base.lproj/Main.storyboard</string>
			<key>sourceTree</key>
			<string>&lt;group&gt;</string>
		</dict>
		<key>C7C49254199FC4A2004CAF5A</key>
		<dict>
			<key>fileRef</key>
			<string>C7C49252199FC4A2004CAF5A</string>
			<key>isa</key>
			<string>PBXBuildFile</string>
		</dict>
		<key>C7C49255199FC4A2004CAF5A</key>
		<dict>
			<key>isa</key>
			<string>PBXFileReference</string>
			<key>lastKnownFileType</key>
			<string>folder.assetcatalog</string>
			<key>path</key>
			<string>Images.xcassets</string>
			<key>sourceTree</key>
			<string>&lt;group&gt;</string>
		</dict>
		<key>C7C49256199FC4A2004CAF5A</key>
		<dict>
			<key>fileRef</key>
			<string>C7C49255199FC4A2004CAF5A</string>
			<key>isa</key>
			<string>PBXBuildFile</string>
		</dict>
		<key>C7C49257199FC4A2004CAF5A</key>
		<dict>
			<key>buildActionMask</key>
			<string>2147483647</string>
			<key>files</key>
			<array>
				<string>C7C49262199FC4A2004CAF5A</string>
			</array>
			<key>isa</key>
			<string>PBXSourcesBuildPhase</string>
			<key>runOnlyForDeploymentPostprocessing</key>
			<string>0</string>
		</dict>
		<key>C7C49258199FC4A2004CAF5A</key>
		<dict>
			<key>buildActionMask</key>
			<string>2147483647</string>
			<key>files</key>
			<array/>
			<key>isa</key>
			<string>PBXFrameworksBuildPhase</string>
			<key>runOnlyForDeploymentPostprocessing</key>
			<string>0</string>
		</dict>
		<key>C7C49259199FC4A2004CAF5A</key>
		<dict>
			<key>buildActionMask</key>
			<string>2147483647</string>
			<key>files</key>
			<array/>
			<key>isa</key>
			<string>PBXResourcesBuildPhase</string>
			<key>runOnlyForDeploymentPostprocessing</key>
			<string>0</string>
		</dict>
		<key>C7C4925A199FC4A2004CAF5A</key>
		<dict>
			<key>buildConfigurationList</key>
			<string>C7C49268199FC4A2004CAF5A</string>
			<key>buildPhases</key>
			<array>
				<string>C7C49257199FC4A2004CAF5A</string>
				<string>C7C49258199FC4A2004CAF5A</string>
				<string>C7C49259199FC4A2004CAF5A</string>
			</array>
			<key>buildRules</key>
			<array/>
			<key>dependencies</key>
			<array>
				<string>C7C4925D199FC4A2004CAF5A</string>
			</array>
			<key>isa</key>
			<string>PBXNativeTarget</string>
			<key>name</key>
			<string>VBFPopFlatButtonTests</string>
			<key>productName</key>
			<string>VBFPopFlatButtonTests</string>
			<key>productReference</key>
			<string>C7C4925B199FC4A2004CAF5A</string>
			<key>productType</key>
			<string>com.apple.product-type.bundle.unit-test</string>
		</dict>
		<key>C7C4925B199FC4A2004CAF5A</key>
		<dict>
			<key>explicitFileType</key>
			<string>wrapper.cfbundle</string>
			<key>includeInIndex</key>
			<string>0</string>
			<key>isa</key>
			<string>PBXFileReference</string>
			<key>path</key>
			<string>VBFPopFlatButtonTests.xctest</string>
			<key>sourceTree</key>
			<string>BUILT_PRODUCTS_DIR</string>
		</dict>
		<key>C7C4925C199FC4A2004CAF5A</key>
		<dict>
			<key>containerPortal</key>
			<string>C7C4923D199FC4A2004CAF5A</string>
			<key>isa</key>
			<string>PBXContainerItemProxy</string>
			<key>proxyType</key>
			<string>1</string>
			<key>remoteGlobalIDString</key>
			<string>C7C49244199FC4A2004CAF5A</string>
			<key>remoteInfo</key>
			<string>VBFPopFlatButton</string>
		</dict>
		<key>C7C4925D199FC4A2004CAF5A</key>
		<dict>
			<key>isa</key>
			<string>PBXTargetDependency</string>
			<key>target</key>
			<string>C7C49244199FC4A2004CAF5A</string>
			<key>targetProxy</key>
			<string>C7C4925C199FC4A2004CAF5A</string>
		</dict>
		<key>C7C4925E199FC4A2004CAF5A</key>
		<dict>
			<key>children</key>
			<array>
				<string>C7C49261199FC4A2004CAF5A</string>
				<string>C7C4925F199FC4A2004CAF5A</string>
			</array>
			<key>isa</key>
			<string>PBXGroup</string>
			<key>path</key>
			<string>VBFPopFlatButtonTests</string>
			<key>sourceTree</key>
			<string>&lt;group&gt;</string>
		</dict>
		<key>C7C4925F199FC4A2004CAF5A</key>
		<dict>
			<key>children</key>
			<array>
				<string>C7C49260199FC4A2004CAF5A</string>
			</array>
			<key>isa</key>
			<string>PBXGroup</string>
			<key>name</key>
			<string>Supporting Files</string>
			<key>sourceTree</key>
			<string>&lt;group&gt;</string>
		</dict>
		<key>C7C49260199FC4A2004CAF5A</key>
		<dict>
			<key>isa</key>
			<string>PBXFileReference</string>
			<key>lastKnownFileType</key>
			<string>text.plist.xml</string>
			<key>path</key>
			<string>Info.plist</string>
			<key>sourceTree</key>
			<string>&lt;group&gt;</string>
		</dict>
		<key>C7C49261199FC4A2004CAF5A</key>
		<dict>
			<key>isa</key>
			<string>PBXFileReference</string>
			<key>lastKnownFileType</key>
			<string>sourcecode.c.objc</string>
			<key>path</key>
			<string>VBFPopFlatButtonTests.m</string>
			<key>sourceTree</key>
			<string>&lt;group&gt;</string>
		</dict>
		<key>C7C49262199FC4A2004CAF5A</key>
		<dict>
			<key>fileRef</key>
			<string>C7C49261199FC4A2004CAF5A</string>
			<key>isa</key>
			<string>PBXBuildFile</string>
		</dict>
		<key>C7C49263199FC4A2004CAF5A</key>
		<dict>
			<key>buildSettings</key>
			<dict>
				<key>ALWAYS_SEARCH_USER_PATHS</key>
				<string>NO</string>
				<key>CLANG_CXX_LANGUAGE_STANDARD</key>
				<string>gnu++0x</string>
				<key>CLANG_CXX_LIBRARY</key>
				<string>libc++</string>
				<key>CLANG_ENABLE_MODULES</key>
				<string>YES</string>
				<key>CLANG_ENABLE_OBJC_ARC</key>
				<string>YES</string>
				<key>CLANG_WARN_BOOL_CONVERSION</key>
				<string>YES</string>
				<key>CLANG_WARN_CONSTANT_CONVERSION</key>
				<string>YES</string>
				<key>CLANG_WARN_DIRECT_OBJC_ISA_USAGE</key>
				<string>YES_ERROR</string>
				<key>CLANG_WARN_EMPTY_BODY</key>
				<string>YES</string>
				<key>CLANG_WARN_ENUM_CONVERSION</key>
				<string>YES</string>
				<key>CLANG_WARN_INT_CONVERSION</key>
				<string>YES</string>
				<key>CLANG_WARN_OBJC_ROOT_CLASS</key>
				<string>YES_ERROR</string>
				<key>CLANG_WARN_UNREACHABLE_CODE</key>
				<string>YES</string>
				<key>CLANG_WARN__DUPLICATE_METHOD_MATCH</key>
				<string>YES</string>
				<key>CODE_SIGN_IDENTITY[sdk=iphoneos*]</key>
				<string>iPhone Developer</string>
				<key>COPY_PHASE_STRIP</key>
				<string>NO</string>
				<key>ENABLE_STRICT_OBJC_MSGSEND</key>
				<string>YES</string>
				<key>GCC_C_LANGUAGE_STANDARD</key>
				<string>gnu99</string>
				<key>GCC_DYNAMIC_NO_PIC</key>
				<string>NO</string>
				<key>GCC_OPTIMIZATION_LEVEL</key>
				<string>0</string>
				<key>GCC_PREPROCESSOR_DEFINITIONS</key>
				<array>
					<string>DEBUG=1</string>
					<string>$(inherited)</string>
				</array>
				<key>GCC_SYMBOLS_PRIVATE_EXTERN</key>
				<string>NO</string>
				<key>GCC_WARN_64_TO_32_BIT_CONVERSION</key>
				<string>YES</string>
				<key>GCC_WARN_ABOUT_RETURN_TYPE</key>
				<string>YES_ERROR</string>
				<key>GCC_WARN_UNDECLARED_SELECTOR</key>
				<string>YES</string>
				<key>GCC_WARN_UNINITIALIZED_AUTOS</key>
				<string>YES_AGGRESSIVE</string>
				<key>GCC_WARN_UNUSED_FUNCTION</key>
				<string>YES</string>
				<key>GCC_WARN_UNUSED_VARIABLE</key>
				<string>YES</string>
				<key>IPHONEOS_DEPLOYMENT_TARGET</key>
				<string>7.1</string>
				<key>MTL_ENABLE_DEBUG_INFO</key>
				<string>YES</string>
				<key>ONLY_ACTIVE_ARCH</key>
				<string>YES</string>
				<key>SDKROOT</key>
				<string>iphoneos</string>
			</dict>
			<key>isa</key>
			<string>XCBuildConfiguration</string>
			<key>name</key>
			<string>Debug</string>
		</dict>
		<key>C7C49264199FC4A2004CAF5A</key>
		<dict>
			<key>buildSettings</key>
			<dict>
				<key>ALWAYS_SEARCH_USER_PATHS</key>
				<string>NO</string>
				<key>CLANG_CXX_LANGUAGE_STANDARD</key>
				<string>gnu++0x</string>
				<key>CLANG_CXX_LIBRARY</key>
				<string>libc++</string>
				<key>CLANG_ENABLE_MODULES</key>
				<string>YES</string>
				<key>CLANG_ENABLE_OBJC_ARC</key>
				<string>YES</string>
				<key>CLANG_WARN_BOOL_CONVERSION</key>
				<string>YES</string>
				<key>CLANG_WARN_CONSTANT_CONVERSION</key>
				<string>YES</string>
				<key>CLANG_WARN_DIRECT_OBJC_ISA_USAGE</key>
				<string>YES_ERROR</string>
				<key>CLANG_WARN_EMPTY_BODY</key>
				<string>YES</string>
				<key>CLANG_WARN_ENUM_CONVERSION</key>
				<string>YES</string>
				<key>CLANG_WARN_INT_CONVERSION</key>
				<string>YES</string>
				<key>CLANG_WARN_OBJC_ROOT_CLASS</key>
				<string>YES_ERROR</string>
				<key>CLANG_WARN_UNREACHABLE_CODE</key>
				<string>YES</string>
				<key>CLANG_WARN__DUPLICATE_METHOD_MATCH</key>
				<string>YES</string>
				<key>CODE_SIGN_IDENTITY[sdk=iphoneos*]</key>
				<string>iPhone Developer</string>
				<key>COPY_PHASE_STRIP</key>
				<string>YES</string>
				<key>ENABLE_NS_ASSERTIONS</key>
				<string>NO</string>
				<key>ENABLE_STRICT_OBJC_MSGSEND</key>
				<string>YES</string>
				<key>GCC_C_LANGUAGE_STANDARD</key>
				<string>gnu99</string>
				<key>GCC_WARN_64_TO_32_BIT_CONVERSION</key>
				<string>YES</string>
				<key>GCC_WARN_ABOUT_RETURN_TYPE</key>
				<string>YES_ERROR</string>
				<key>GCC_WARN_UNDECLARED_SELECTOR</key>
				<string>YES</string>
				<key>GCC_WARN_UNINITIALIZED_AUTOS</key>
				<string>YES_AGGRESSIVE</string>
				<key>GCC_WARN_UNUSED_FUNCTION</key>
				<string>YES</string>
				<key>GCC_WARN_UNUSED_VARIABLE</key>
				<string>YES</string>
				<key>IPHONEOS_DEPLOYMENT_TARGET</key>
				<string>7.1</string>
				<key>MTL_ENABLE_DEBUG_INFO</key>
				<string>NO</string>
				<key>SDKROOT</key>
				<string>iphoneos</string>
				<key>VALIDATE_PRODUCT</key>
				<string>YES</string>
			</dict>
			<key>isa</key>
			<string>XCBuildConfiguration</string>
			<key>name</key>
			<string>Release</string>
		</dict>
		<key>C7C49265199FC4A2004CAF5A</key>
		<dict>
			<key>buildConfigurations</key>
			<array>
				<string>C7C49266199FC4A2004CAF5A</string>
				<string>C7C49267199FC4A2004CAF5A</string>
			</array>
			<key>defaultConfigurationIsVisible</key>
			<string>0</string>
			<key>defaultConfigurationName</key>
			<string>Release</string>
			<key>isa</key>
			<string>XCConfigurationList</string>
		</dict>
		<key>C7C49266199FC4A2004CAF5A</key>
		<dict>
			<key>baseConfigurationReference</key>
			<string>8B0EE6453F7E0F42AE56AEE7</string>
			<key>buildSettings</key>
			<dict>
				<key>ASSETCATALOG_COMPILER_APPICON_NAME</key>
				<string>AppIcon</string>
				<key>ASSETCATALOG_COMPILER_LAUNCHIMAGE_NAME</key>
				<string>LaunchImage</string>
				<key>INFOPLIST_FILE</key>
				<string>VBFPopFlatButton/Info.plist</string>
				<key>IPHONEOS_DEPLOYMENT_TARGET</key>
				<string>7.0</string>
				<key>LD_RUNPATH_SEARCH_PATHS</key>
				<string>$(inherited) @executable_path/Frameworks</string>
				<key>PRODUCT_NAME</key>
				<string>$(TARGET_NAME)</string>
			</dict>
			<key>isa</key>
			<string>XCBuildConfiguration</string>
			<key>name</key>
			<string>Debug</string>
		</dict>
		<key>C7C49267199FC4A2004CAF5A</key>
		<dict>
			<key>baseConfigurationReference</key>
			<string>B11AB6B5686DDD7CC60CEAB7</string>
			<key>buildSettings</key>
			<dict>
				<key>ASSETCATALOG_COMPILER_APPICON_NAME</key>
				<string>AppIcon</string>
				<key>ASSETCATALOG_COMPILER_LAUNCHIMAGE_NAME</key>
				<string>LaunchImage</string>
				<key>INFOPLIST_FILE</key>
				<string>VBFPopFlatButton/Info.plist</string>
				<key>IPHONEOS_DEPLOYMENT_TARGET</key>
				<string>7.0</string>
				<key>LD_RUNPATH_SEARCH_PATHS</key>
				<string>$(inherited) @executable_path/Frameworks</string>
				<key>PRODUCT_NAME</key>
				<string>$(TARGET_NAME)</string>
			</dict>
			<key>isa</key>
			<string>XCBuildConfiguration</string>
			<key>name</key>
			<string>Release</string>
		</dict>
		<key>C7C49268199FC4A2004CAF5A</key>
		<dict>
			<key>buildConfigurations</key>
			<array>
				<string>C7C49269199FC4A2004CAF5A</string>
				<string>C7C4926A199FC4A2004CAF5A</string>
			</array>
			<key>defaultConfigurationIsVisible</key>
			<string>0</string>
			<key>defaultConfigurationName</key>
			<string>Release</string>
			<key>isa</key>
			<string>XCConfigurationList</string>
		</dict>
		<key>C7C49269199FC4A2004CAF5A</key>
		<dict>
			<key>buildSettings</key>
			<dict>
				<key>BUNDLE_LOADER</key>
				<string>$(TEST_HOST)</string>
				<key>FRAMEWORK_SEARCH_PATHS</key>
				<array>
					<string>$(SDKROOT)/Developer/Library/Frameworks</string>
					<string>$(inherited)</string>
				</array>
				<key>GCC_PREPROCESSOR_DEFINITIONS</key>
				<array>
					<string>DEBUG=1</string>
					<string>$(inherited)</string>
				</array>
				<key>INFOPLIST_FILE</key>
				<string>VBFPopFlatButtonTests/Info.plist</string>
				<key>IPHONEOS_DEPLOYMENT_TARGET</key>
				<string>7.1</string>
				<key>LD_RUNPATH_SEARCH_PATHS</key>
				<string>$(inherited) @executable_path/Frameworks @loader_path/Frameworks</string>
				<key>PRODUCT_NAME</key>
				<string>$(TARGET_NAME)</string>
				<key>TEST_HOST</key>
				<string>$(BUILT_PRODUCTS_DIR)/VBFPopFlatButton.app/VBFPopFlatButton</string>
			</dict>
			<key>isa</key>
			<string>XCBuildConfiguration</string>
			<key>name</key>
			<string>Debug</string>
		</dict>
		<key>C7C4926A199FC4A2004CAF5A</key>
		<dict>
			<key>buildSettings</key>
			<dict>
				<key>BUNDLE_LOADER</key>
				<string>$(TEST_HOST)</string>
				<key>FRAMEWORK_SEARCH_PATHS</key>
				<array>
					<string>$(SDKROOT)/Developer/Library/Frameworks</string>
					<string>$(inherited)</string>
				</array>
				<key>INFOPLIST_FILE</key>
				<string>VBFPopFlatButtonTests/Info.plist</string>
				<key>IPHONEOS_DEPLOYMENT_TARGET</key>
				<string>7.1</string>
				<key>LD_RUNPATH_SEARCH_PATHS</key>
				<string>$(inherited) @executable_path/Frameworks @loader_path/Frameworks</string>
				<key>PRODUCT_NAME</key>
				<string>$(TARGET_NAME)</string>
				<key>TEST_HOST</key>
				<string>$(BUILT_PRODUCTS_DIR)/VBFPopFlatButton.app/VBFPopFlatButton</string>
			</dict>
			<key>isa</key>
			<string>XCBuildConfiguration</string>
			<key>name</key>
			<string>Release</string>
		</dict>
	</dict>
	<key>rootObject</key>
	<string>C7C4923D199FC4A2004CAF5A</string>
</dict>
</plist>
