// !$*UTF8*$!
{
	archiveVersion = 1;
	classes = {
	};
	objectVersion = 46;
	objects = {

/* Begin PBXBuildFile section */
		C7C4924B199FC4A2004CAF5A /* main.m in Sources */ = {isa = PBXBuildFile; fileRef = C7C4924A199FC4A2004CAF5A /* main.m */; };
		C7C4924E199FC4A2004CAF5A /* AppDelegate.m in Sources */ = {isa = PBXBuildFile; fileRef = C7C4924D199FC4A2004CAF5A /* AppDelegate.m */; };
		C7C49251199FC4A2004CAF5A /* ViewController.m in Sources */ = {isa = PBXBuildFile; fileRef = C7C49250199FC4A2004CAF5A /* ViewController.m */; };
		C7C49254199FC4A2004CAF5A /* Main.storyboard in Resources */ = {isa = PBXBuildFile; fileRef = C7C49252199FC4A2004CAF5A /* Main.storyboard */; };
		C7C49256199FC4A2004CAF5A /* Images.xcassets in Resources */ = {isa = PBXBuildFile; fileRef = C7C49255199FC4A2004CAF5A /* Images.xcassets */; };
		C7C49262199FC4A2004CAF5A /* VBFPopFlatButtonTests.m in Sources */ = {isa = PBXBuildFile; fileRef = C7C49261199FC4A2004CAF5A /* VBFPopFlatButtonTests.m */; };
/* End PBXBuildFile section */

/* Begin PBXContainerItemProxy section */
		C7C4925C199FC4A2004CAF5A /* PBXContainerItemProxy */ = {
			isa = PBXContainerItemProxy;
			containerPortal = C7C4923D199FC4A2004CAF5A /* Project object */;
			proxyType = 1;
			remoteGlobalIDString = C7C49244199FC4A2004CAF5A;
			remoteInfo = VBFPopFlatButton;
		};
/* End PBXContainerItemProxy section */

/* Begin PBXFileReference section */
		C7C49245199FC4A2004CAF5A /* VBFPopFlatButton.app */ = {isa = PBXFileReference; explicitFileType = wrapper.application; includeInIndex = 0; path = VBFPopFlatButton.app; sourceTree = BUILT_PRODUCTS_DIR; };
		C7C49249199FC4A2004CAF5A /* Info.plist */ = {isa = PBXFileReference; lastKnownFileType = text.plist.xml; path = Info.plist; sourceTree = "<group>"; };
		C7C4924A199FC4A2004CAF5A /* main.m */ = {isa = PBXFileReference; lastKnownFileType = sourcecode.c.objc; path = main.m; sourceTree = "<group>"; };
		C7C4924C199FC4A2004CAF5A /* AppDelegate.h */ = {isa = PBXFileReference; lastKnownFileType = sourcecode.c.h; path = AppDelegate.h; sourceTree = "<group>"; };
		C7C4924D199FC4A2004CAF5A /* AppDelegate.m */ = {isa = PBXFileReference; lastKnownFileType = sourcecode.c.objc; path = AppDelegate.m; sourceTree = "<group>"; };
		C7C4924F199FC4A2004CAF5A /* ViewController.h */ = {isa = PBXFileReference; lastKnownFileType = sourcecode.c.h; path = ViewController.h; sourceTree = "<group>"; };
		C7C49250199FC4A2004CAF5A /* ViewController.m */ = {isa = PBXFileReference; lastKnownFileType = sourcecode.c.objc; path = ViewController.m; sourceTree = "<group>"; };
		C7C49253199FC4A2004CAF5A /* Base */ = {isa = PBXFileReference; lastKnownFileType = file.storyboard; name = Base; path = Base.lproj/Main.storyboard; sourceTree = "<group>"; };
		C7C49255199FC4A2004CAF5A /* Images.xcassets */ = {isa = PBXFileReference; lastKnownFileType = folder.assetcatalog; path = Images.xcassets; sourceTree = "<group>"; };
		C7C4925B199FC4A2004CAF5A /* VBFPopFlatButtonTests.xctest */ = {isa = PBXFileReference; explicitFileType = wrapper.cfbundle; includeInIndex = 0; path = VBFPopFlatButtonTests.xctest; sourceTree = BUILT_PRODUCTS_DIR; };
		C7C49260199FC4A2004CAF5A /* Info.plist */ = {isa = PBXFileReference; lastKnownFileType = text.plist.xml; path = Info.plist; sourceTree = "<group>"; };
		C7C49261199FC4A2004CAF5A /* VBFPopFlatButtonTests.m */ = {isa = PBXFileReference; lastKnownFileType = sourcecode.c.objc; path = VBFPopFlatButtonTests.m; sourceTree = "<group>"; };
/* End PBXFileReference section */

/* Begin PBXFrameworksBuildPhase section */
		C7C49242199FC4A2004CAF5A /* Frameworks */ = {
			isa = PBXFrameworksBuildPhase;
			buildActionMask = 2147483647;
			files = (
			);
			runOnlyForDeploymentPostprocessing = 0;
		};
		C7C49258199FC4A2004CAF5A /* Frameworks */ = {
			isa = PBXFrameworksBuildPhase;
			buildActionMask = 2147483647;
			files = (
			);
			runOnlyForDeploymentPostprocessing = 0;
		};
/* End PBXFrameworksBuildPhase section */

/* Begin PBXGroup section */
		C7C4923C199FC4A2004CAF5A = {
			isa = PBXGroup;
			children = (
				C7C49247199FC4A2004CAF5A /* VBFPopFlatButton */,
				C7C4925E199FC4A2004CAF5A /* VBFPopFlatButtonTests */,
				C7C49246199FC4A2004CAF5A /* Products */,
			);
			sourceTree = "<group>";
		};
		C7C49246199FC4A2004CAF5A /* Products */ = {
			isa = PBXGroup;
			children = (
				C7C49245199FC4A2004CAF5A /* VBFPopFlatButton.app */,
				C7C4925B199FC4A2004CAF5A /* VBFPopFlatButtonTests.xctest */,
			);
			name = Products;
			sourceTree = "<group>";
		};
		C7C49247199FC4A2004CAF5A /* VBFPopFlatButton */ = {
			isa = PBXGroup;
			children = (
				C7C4924C199FC4A2004CAF5A /* AppDelegate.h */,
				C7C4924D199FC4A2004CAF5A /* AppDelegate.m */,
				C7C4924F199FC4A2004CAF5A /* ViewController.h */,
				C7C49250199FC4A2004CAF5A /* ViewController.m */,
				C7C49252199FC4A2004CAF5A /* Main.storyboard */,
				C7C49255199FC4A2004CAF5A /* Images.xcassets */,
				C7C49248199FC4A2004CAF5A /* Supporting Files */,
			);
			path = VBFPopFlatButton;
			sourceTree = "<group>";
		};
		C7C49248199FC4A2004CAF5A /* Supporting Files */ = {
			isa = PBXGroup;
			children = (
				C7C49249199FC4A2004CAF5A /* Info.plist */,
				C7C4924A199FC4A2004CAF5A /* main.m */,
			);
			name = "Supporting Files";
			sourceTree = "<group>";
		};
		C7C4925E199FC4A2004CAF5A /* VBFPopFlatButtonTests */ = {
			isa = PBXGroup;
			children = (
				C7C49261199FC4A2004CAF5A /* VBFPopFlatButtonTests.m */,
				C7C4925F199FC4A2004CAF5A /* Supporting Files */,
			);
			path = VBFPopFlatButtonTests;
			sourceTree = "<group>";
		};
		C7C4925F199FC4A2004CAF5A /* Supporting Files */ = {
			isa = PBXGroup;
			children = (
				C7C49260199FC4A2004CAF5A /* Info.plist */,
			);
			name = "Supporting Files";
			sourceTree = "<group>";
		};
/* End PBXGroup section */

/* Begin PBXNativeTarget section */
		C7C49244199FC4A2004CAF5A /* VBFPopFlatButton */ = {
			isa = PBXNativeTarget;
			buildConfigurationList = C7C49265199FC4A2004CAF5A /* Build configuration list for PBXNativeTarget "VBFPopFlatButton" */;
			buildPhases = (
				C7C49241199FC4A2004CAF5A /* Sources */,
				C7C49242199FC4A2004CAF5A /* Frameworks */,
				C7C49243199FC4A2004CAF5A /* Resources */,
			);
			buildRules = (
			);
			dependencies = (
			);
			name = VBFPopFlatButton;
			productName = VBFPopFlatButton;
			productReference = C7C49245199FC4A2004CAF5A /* VBFPopFlatButton.app */;
			productType = "com.apple.product-type.application";
		};
		C7C4925A199FC4A2004CAF5A /* VBFPopFlatButtonTests */ = {
			isa = PBXNativeTarget;
			buildConfigurationList = C7C49268199FC4A2004CAF5A /* Build configuration list for PBXNativeTarget "VBFPopFlatButtonTests" */;
			buildPhases = (
				C7C49257199FC4A2004CAF5A /* Sources */,
				C7C49258199FC4A2004CAF5A /* Frameworks */,
				C7C49259199FC4A2004CAF5A /* Resources */,
			);
			buildRules = (
			);
			dependencies = (
				C7C4925D199FC4A2004CAF5A /* PBXTargetDependency */,
			);
			name = VBFPopFlatButtonTests;
			productName = VBFPopFlatButtonTests;
			productReference = C7C4925B199FC4A2004CAF5A /* VBFPopFlatButtonTests.xctest */;
			productType = "com.apple.product-type.bundle.unit-test";
		};
/* End PBXNativeTarget section */

/* Begin PBXProject section */
		C7C4923D199FC4A2004CAF5A /* Project object */ = {
			isa = PBXProject;
			attributes = {
				LastUpgradeCheck = 0600;
				ORGANIZATIONNAME = "Victor Baro";
				TargetAttributes = {
					C7C49244199FC4A2004CAF5A = {
						CreatedOnToolsVersion = 6.0;
					};
					C7C4925A199FC4A2004CAF5A = {
						CreatedOnToolsVersion = 6.0;
						TestTargetID = C7C49244199FC4A2004CAF5A;
					};
				};
			};
			buildConfigurationList = C7C49240199FC4A2004CAF5A /* Build configuration list for PBXProject "VBFPopFlatButton" */;
			compatibilityVersion = "Xcode 3.2";
			developmentRegion = English;
			hasScannedForEncodings = 0;
			knownRegions = (
				en,
				Base,
			);
			mainGroup = C7C4923C199FC4A2004CAF5A;
			productRefGroup = C7C49246199FC4A2004CAF5A /* Products */;
			projectDirPath = "";
			projectRoot = "";
			targets = (
				C7C49244199FC4A2004CAF5A /* VBFPopFlatButton */,
				C7C4925A199FC4A2004CAF5A /* VBFPopFlatButtonTests */,
			);
		};
/* End PBXProject section */

/* Begin PBXResourcesBuildPhase section */
		C7C49243199FC4A2004CAF5A /* Resources */ = {
			isa = PBXResourcesBuildPhase;
			buildActionMask = 2147483647;
			files = (
				C7C49254199FC4A2004CAF5A /* Main.storyboard in Resources */,
				C7C49256199FC4A2004CAF5A /* Images.xcassets in Resources */,
			);
			runOnlyForDeploymentPostprocessing = 0;
		};
		C7C49259199FC4A2004CAF5A /* Resources */ = {
			isa = PBXResourcesBuildPhase;
			buildActionMask = 2147483647;
			files = (
			);
			runOnlyForDeploymentPostprocessing = 0;
		};
/* End PBXResourcesBuildPhase section */

/* Begin PBXSourcesBuildPhase section */
		C7C49241199FC4A2004CAF5A /* Sources */ = {
			isa = PBXSourcesBuildPhase;
			buildActionMask = 2147483647;
			files = (
				C7C49251199FC4A2004CAF5A /* ViewController.m in Sources */,
				C7C4924E199FC4A2004CAF5A /* AppDelegate.m in Sources */,
				C7C4924B199FC4A2004CAF5A /* main.m in Sources */,
			);
			runOnlyForDeploymentPostprocessing = 0;
		};
		C7C49257199FC4A2004CAF5A /* Sources */ = {
			isa = PBXSourcesBuildPhase;
			buildActionMask = 2147483647;
			files = (
				C7C49262199FC4A2004CAF5A /* VBFPopFlatButtonTests.m in Sources */,
			);
			runOnlyForDeploymentPostprocessing = 0;
		};
/* End PBXSourcesBuildPhase section */

/* Begin PBXTargetDependency section */
		C7C4925D199FC4A2004CAF5A /* PBXTargetDependency */ = {
			isa = PBXTargetDependency;
			target = C7C49244199FC4A2004CAF5A /* VBFPopFlatButton */;
			targetProxy = C7C4925C199FC4A2004CAF5A /* PBXContainerItemProxy */;
		};
/* End PBXTargetDependency section */

/* Begin PBXVariantGroup section */
		C7C49252199FC4A2004CAF5A /* Main.storyboard */ = {
			isa = PBXVariantGroup;
			children = (
				C7C49253199FC4A2004CAF5A /* Base */,
			);
			name = Main.storyboard;
			sourceTree = "<group>";
		};
/* End PBXVariantGroup section */

/* Begin XCBuildConfiguration section */
		C7C49263199FC4A2004CAF5A /* Debug */ = {
			isa = XCBuildConfiguration;
			buildSettings = {
				ALWAYS_SEARCH_USER_PATHS = NO;
				CLANG_CXX_LANGUAGE_STANDARD = "gnu++0x";
				CLANG_CXX_LIBRARY = "libc++";
				CLANG_ENABLE_MODULES = YES;
				CLANG_ENABLE_OBJC_ARC = YES;
				CLANG_WARN_BOOL_CONVERSION = YES;
				CLANG_WARN_CONSTANT_CONVERSION = YES;
				CLANG_WARN_DIRECT_OBJC_ISA_USAGE = YES_ERROR;
				CLANG_WARN_EMPTY_BODY = YES;
				CLANG_WARN_ENUM_CONVERSION = YES;
				CLANG_WARN_INT_CONVERSION = YES;
				CLANG_WARN_OBJC_ROOT_CLASS = YES_ERROR;
				CLANG_WARN_UNREACHABLE_CODE = YES;
				CLANG_WARN__DUPLICATE_METHOD_MATCH = YES;
				"CODE_SIGN_IDENTITY[sdk=iphoneos*]" = "iPhone Developer";
				COPY_PHASE_STRIP = NO;
				ENABLE_STRICT_OBJC_MSGSEND = YES;
				GCC_C_LANGUAGE_STANDARD = gnu99;
				GCC_DYNAMIC_NO_PIC = NO;
				GCC_OPTIMIZATION_LEVEL = 0;
				GCC_PREPROCESSOR_DEFINITIONS = (
					"DEBUG=1",
					"$(inherited)",
				);
				GCC_SYMBOLS_PRIVATE_EXTERN = NO;
				GCC_WARN_64_TO_32_BIT_CONVERSION = YES;
				GCC_WARN_ABOUT_RETURN_TYPE = YES_ERROR;
				GCC_WARN_UNDECLARED_SELECTOR = YES;
				GCC_WARN_UNINITIALIZED_AUTOS = YES_AGGRESSIVE;
				GCC_WARN_UNUSED_FUNCTION = YES;
				GCC_WARN_UNUSED_VARIABLE = YES;
				IPHONEOS_DEPLOYMENT_TARGET = 8.0;
				MTL_ENABLE_DEBUG_INFO = YES;
				ONLY_ACTIVE_ARCH = YES;
				SDKROOT = iphoneos;
			};
			name = Debug;
		};
		C7C49264199FC4A2004CAF5A /* Release */ = {
			isa = XCBuildConfiguration;
			buildSettings = {
				ALWAYS_SEARCH_USER_PATHS = NO;
				CLANG_CXX_LANGUAGE_STANDARD = "gnu++0x";
				CLANG_CXX_LIBRARY = "libc++";
				CLANG_ENABLE_MODULES = YES;
				CLANG_ENABLE_OBJC_ARC = YES;
				CLANG_WARN_BOOL_CONVERSION = YES;
				CLANG_WARN_CONSTANT_CONVERSION = YES;
				CLANG_WARN_DIRECT_OBJC_ISA_USAGE = YES_ERROR;
				CLANG_WARN_EMPTY_BODY = YES;
				CLANG_WARN_ENUM_CONVERSION = YES;
				CLANG_WARN_INT_CONVERSION = YES;
				CLANG_WARN_OBJC_ROOT_CLASS = YES_ERROR;
				CLANG_WARN_UNREACHABLE_CODE = YES;
				CLANG_WARN__DUPLICATE_METHOD_MATCH = YES;
				"CODE_SIGN_IDENTITY[sdk=iphoneos*]" = "iPhone Developer";
				COPY_PHASE_STRIP = YES;
				ENABLE_NS_ASSERTIONS = NO;
				ENABLE_STRICT_OBJC_MSGSEND = YES;
				GCC_C_LANGUAGE_STANDARD = gnu99;
				GCC_WARN_64_TO_32_BIT_CONVERSION = YES;
				GCC_WARN_ABOUT_RETURN_TYPE = YES_ERROR;
				GCC_WARN_UNDECLARED_SELECTOR = YES;
				GCC_WARN_UNINITIALIZED_AUTOS = YES_AGGRESSIVE;
				GCC_WARN_UNUSED_FUNCTION = YES;
				GCC_WARN_UNUSED_VARIABLE = YES;
				IPHONEOS_DEPLOYMENT_TARGET = 8.0;
				MTL_ENABLE_DEBUG_INFO = NO;
				SDKROOT = iphoneos;
				VALIDATE_PRODUCT = YES;
			};
			name = Release;
		};
		C7C49266199FC4A2004CAF5A /* Debug */ = {
			isa = XCBuildConfiguration;
			buildSettings = {
				ASSETCATALOG_COMPILER_APPICON_NAME = AppIcon;
				ASSETCATALOG_COMPILER_LAUNCHIMAGE_NAME = LaunchImage;
				INFOPLIST_FILE = VBFPopFlatButton/Info.plist;
				LD_RUNPATH_SEARCH_PATHS = "$(inherited) @executable_path/Frameworks";
				PRODUCT_NAME = "$(TARGET_NAME)";
			};
			name = Debug;
		};
		C7C49267199FC4A2004CAF5A /* Release */ = {
			isa = XCBuildConfiguration;
			buildSettings = {
				ASSETCATALOG_COMPILER_APPICON_NAME = AppIcon;
				ASSETCATALOG_COMPILER_LAUNCHIMAGE_NAME = LaunchImage;
				INFOPLIST_FILE = VBFPopFlatButton/Info.plist;
				LD_RUNPATH_SEARCH_PATHS = "$(inherited) @executable_path/Frameworks";
				PRODUCT_NAME = "$(TARGET_NAME)";
			};
			name = Release;
		};
		C7C49269199FC4A2004CAF5A /* Debug */ = {
			isa = XCBuildConfiguration;
			buildSettings = {
				BUNDLE_LOADER = "$(TEST_HOST)";
				FRAMEWORK_SEARCH_PATHS = (
					"$(SDKROOT)/Developer/Library/Frameworks",
					"$(inherited)",
				);
				GCC_PREPROCESSOR_DEFINITIONS = (
					"DEBUG=1",
					"$(inherited)",
				);
				INFOPLIST_FILE = VBFPopFlatButtonTests/Info.plist;
				LD_RUNPATH_SEARCH_PATHS = "$(inherited) @executable_path/Frameworks @loader_path/Frameworks";
				PRODUCT_NAME = "$(TARGET_NAME)";
				TEST_HOST = "$(BUILT_PRODUCTS_DIR)/VBFPopFlatButton.app/VBFPopFlatButton";
			};
			name = Debug;
		};
		C7C4926A199FC4A2004CAF5A /* Release */ = {
			isa = XCBuildConfiguration;
			buildSettings = {
				BUNDLE_LOADER = "$(TEST_HOST)";
				FRAMEWORK_SEARCH_PATHS = (
					"$(SDKROOT)/Developer/Library/Frameworks",
					"$(inherited)",
				);
				INFOPLIST_FILE = VBFPopFlatButtonTests/Info.plist;
				LD_RUNPATH_SEARCH_PATHS = "$(inherited) @executable_path/Frameworks @loader_path/Frameworks";
				PRODUCT_NAME = "$(TARGET_NAME)";
				TEST_HOST = "$(BUILT_PRODUCTS_DIR)/VBFPopFlatButton.app/VBFPopFlatButton";
			};
			name = Release;
		};
/* End XCBuildConfiguration section */

/* Begin XCConfigurationList section */
		C7C49240199FC4A2004CAF5A /* Build configuration list for PBXProject "VBFPopFlatButton" */ = {
			isa = XCConfigurationList;
			buildConfigurations = (
				C7C49263199FC4A2004CAF5A /* Debug */,
				C7C49264199FC4A2004CAF5A /* Release */,
			);
			defaultConfigurationIsVisible = 0;
			defaultConfigurationName = Release;
		};
		C7C49265199FC4A2004CAF5A /* Build configuration list for PBXNativeTarget "VBFPopFlatButton" */ = {
			isa = XCConfigurationList;
			buildConfigurations = (
				C7C49266199FC4A2004CAF5A /* Debug */,
				C7C49267199FC4A2004CAF5A /* Release */,
			);
			defaultConfigurationIsVisible = 0;
		};
		C7C49268199FC4A2004CAF5A /* Build configuration list for PBXNativeTarget "VBFPopFlatButtonTests" */ = {
			isa = XCConfigurationList;
			buildConfigurations = (
				C7C49269199FC4A2004CAF5A /* Debug */,
				C7C4926A199FC4A2004CAF5A /* Release */,
			);
			defaultConfigurationIsVisible = 0;
		};
/* End XCConfigurationList section */
	};
	rootObject = C7C4923D199FC4A2004CAF5A /* Project object */;
}
